
Microsoft Visual Studio Solution File, Format Version 12.00
# Visual Studio 14
VisualStudioVersion = 14.0.23107.0
MinimumVisualStudioVersion = 10.0.40219.1
Project("{8BB2217D-0F2D-49D1-97BC-3654ED321F3B}") = "NMeasure", "NMeasure\NMeasure.xproj", "{C72B5495-D32E-434C-8BDF-0BA844A9E9EB}"
EndProject
Project("{8BB2217D-0F2D-49D1-97BC-3654ED321F3B}") = "NMeasure.Tests", "NMeasure.Tests\NMeasure.Tests.xproj", "{F2B78FC0-B36D-4324-A0A1-CC8C9A0A0526}"
EndProject
Global
	GlobalSection(SolutionConfigurationPlatforms) = preSolution
		Debug|Any CPU = Debug|Any CPU
		Release|Any CPU = Release|Any CPU
	EndGlobalSection
	GlobalSection(ProjectConfigurationPlatforms) = postSolution
		{C72B5495-D32E-434C-8BDF-0BA844A9E9EB}.Debug|Any CPU.ActiveCfg = Debug|Any CPU
		{C72B5495-D32E-434C-8BDF-0BA844A9E9EB}.Debug|Any CPU.Build.0 = Debug|Any CPU
		{C72B5495-D32E-434C-8BDF-0BA844A9E9EB}.Release|Any CPU.ActiveCfg = Release|Any CPU
		{C72B5495-D32E-434C-8BDF-0BA844A9E9EB}.Release|Any CPU.Build.0 = Release|Any CPU
		{F2B78FC0-B36D-4324-A0A1-CC8C9A0A0526}.Debug|Any CPU.ActiveCfg = Debug|Any CPU
		{F2B78FC0-B36D-4324-A0A1-CC8C9A0A0526}.Debug|Any CPU.Build.0 = Debug|Any CPU
		{F2B78FC0-B36D-4324-A0A1-CC8C9A0A0526}.Release|Any CPU.ActiveCfg = Release|Any CPU
		{F2B78FC0-B36D-4324-A0A1-CC8C9A0A0526}.Release|Any CPU.Build.0 = Release|Any CPU
	EndGlobalSection
	GlobalSection(SolutionProperties) = preSolution
		HideSolutionNode = FALSE
	EndGlobalSection
EndGlobal
