
Microsoft Visual Studio Solution File, Format Version 12.00
# Visual Studio 14
VisualStudioVersion = 14.0.24720.0
MinimumVisualStudioVersion = 10.0.40219.1
Project("{FAE04EC0-301F-11D3-BF4B-00C04F79EFBC}") = "NMeasure", "NMeasure\NMeasure.csproj", "{205AF359-0813-475A-9CEA-C5875B8C8EAD}"
EndProject
Project("{FAE04EC0-301F-11D3-BF4B-00C04F79EFBC}") = "NMeasure.Tests", "NMeasure.Tests\NMeasure.Tests.csproj", "{6525FFBB-9D6F-423E-84A2-D310F0F37C9E}"
EndProject
Global
	GlobalSection(SolutionConfigurationPlatforms) = preSolution
		Debug|Any CPU = Debug|Any CPU
		Release|Any CPU = Release|Any CPU
	EndGlobalSection
	GlobalSection(ProjectConfigurationPlatforms) = postSolution
		{F2B78FC0-B36D-4324-A0A1-CC8C9A0A0526}.Debug|Any CPU.ActiveCfg = Debug|Any CPU
		{F2B78FC0-B36D-4324-A0A1-CC8C9A0A0526}.Debug|Any CPU.Build.0 = Debug|Any CPU
		{F2B78FC0-B36D-4324-A0A1-CC8C9A0A0526}.Release|Any CPU.ActiveCfg = Release|Any CPU
		{F2B78FC0-B36D-4324-A0A1-CC8C9A0A0526}.Release|Any CPU.Build.0 = Release|Any CPU
		{205AF359-0813-475A-9CEA-C5875B8C8EAD}.Debug|Any CPU.ActiveCfg = Debug|Any CPU
		{205AF359-0813-475A-9CEA-C5875B8C8EAD}.Debug|Any CPU.Build.0 = Debug|Any CPU
		{205AF359-0813-475A-9CEA-C5875B8C8EAD}.Release|Any CPU.ActiveCfg = Release|Any CPU
		{205AF359-0813-475A-9CEA-C5875B8C8EAD}.Release|Any CPU.Build.0 = Release|Any CPU
		{6525FFBB-9D6F-423E-84A2-D310F0F37C9E}.Debug|Any CPU.ActiveCfg = Debug|Any CPU
		{6525FFBB-9D6F-423E-84A2-D310F0F37C9E}.Debug|Any CPU.Build.0 = Debug|Any CPU
		{6525FFBB-9D6F-423E-84A2-D310F0F37C9E}.Release|Any CPU.ActiveCfg = Release|Any CPU
		{6525FFBB-9D6F-423E-84A2-D310F0F37C9E}.Release|Any CPU.Build.0 = Release|Any CPU
	EndGlobalSection
	GlobalSection(SolutionProperties) = preSolution
		HideSolutionNode = FALSE
	EndGlobalSection
EndGlobal
